
Microsoft Visual Studio Solution File, Format Version 12.00
# Visual Studio Version 17
VisualStudioVersion = 17.0.31919.166
MinimumVisualStudioVersion = 10.0.40219.1
Project("{9A19103F-16F7-4668-BE54-9A1E7A4F7556}") = "LibSanBag", "LibSanBag\LibSanBag.csproj", "{14A58A49-5247-442F-B0F2-C3A5D7A88D76}"
EndProject
Project("{9A19103F-16F7-4668-BE54-9A1E7A4F7556}") = "LibSanBag.Tests", "LibSanBag.Tests\LibSanBag.Tests.csproj", "{8EDF4429-251A-416D-BB68-93F227191BCF}"
EndProject
Global
	GlobalSection(SolutionConfigurationPlatforms) = preSolution
		Debug|x64 = Debug|x64
		Release|x64 = Release|x64
	EndGlobalSection
	GlobalSection(ProjectConfigurationPlatforms) = postSolution
		{14A58A49-5247-442F-B0F2-C3A5D7A88D76}.Debug|x64.ActiveCfg = Debug|Any CPU
		{14A58A49-5247-442F-B0F2-C3A5D7A88D76}.Debug|x64.Build.0 = Debug|Any CPU
		{14A58A49-5247-442F-B0F2-C3A5D7A88D76}.Release|x64.ActiveCfg = Release|Any CPU
		{14A58A49-5247-442F-B0F2-C3A5D7A88D76}.Release|x64.Build.0 = Release|Any CPU
		{8EDF4429-251A-416D-BB68-93F227191BCF}.Debug|x64.ActiveCfg = Debug|Any CPU
		{8EDF4429-251A-416D-BB68-93F227191BCF}.Debug|x64.Build.0 = Debug|Any CPU
		{8EDF4429-251A-416D-BB68-93F227191BCF}.Release|x64.ActiveCfg = Release|Any CPU
		{8EDF4429-251A-416D-BB68-93F227191BCF}.Release|x64.Build.0 = Release|Any CPU
	EndGlobalSection
	GlobalSection(SolutionProperties) = preSolution
		HideSolutionNode = FALSE
	EndGlobalSection
	GlobalSection(ExtensibilityGlobals) = postSolution
		SolutionGuid = {49175976-CF11-4672-B5AB-7CDB9E37231B}
	EndGlobalSection
EndGlobal
